
Microsoft Visual Studio Solution File, Format Version 12.00
# Visual Studio Version 16
VisualStudioVersion = 16.0.30804.86
MinimumVisualStudioVersion = 10.0.40219.1
Project("{F184B08F-C81C-45F6-A57F-5ABD9991F28F}") = "Rocket", "Rocket\Rocket.vbproj", "{2F4D729E-D23C-4DCF-AC3B-86300BEE0519}"
EndProject
Global
	GlobalSection(SolutionConfigurationPlatforms) = preSolution
		Debug|Any CPU = Debug|Any CPU
		Release|Any CPU = Release|Any CPU
	EndGlobalSection
	GlobalSection(ProjectConfigurationPlatforms) = postSolution
		{2F4D729E-D23C-4DCF-AC3B-86300BEE0519}.Debug|Any CPU.ActiveCfg = Debug|Any CPU
		{2F4D729E-D23C-4DCF-AC3B-86300BEE0519}.Debug|Any CPU.Build.0 = Debug|Any CPU
		{2F4D729E-D23C-4DCF-AC3B-86300BEE0519}.Release|Any CPU.ActiveCfg = Release|Any CPU
		{2F4D729E-D23C-4DCF-AC3B-86300BEE0519}.Release|Any CPU.Build.0 = Release|Any CPU
	EndGlobalSection
	GlobalSection(SolutionProperties) = preSolution
		HideSolutionNode = FALSE
	EndGlobalSection
	GlobalSection(ExtensibilityGlobals) = postSolution
		SolutionGuid = {F9E56C94-22A3-4089-B442-69C3A15B7235}
	EndGlobalSection
EndGlobal
